{
    "version": 3,
    "terraform_version": "0.11.11",
    "serial": 3,
    "lineage": "6e944c2f-e0aa-f49f-4dd6-d0e63b10ff9f",
    "modules": [
        {
            "path": [
                "root"
            ],
            "outputs": {},
            "resources": {
                "google_container_cluster.gke-cluster": {
                    "type": "google_container_cluster",
                    "depends_on": [],
                    "primary": {
                        "id": "gke-cluster-1",
                        "attributes": {
                            "additional_zones.#": "0",
                            "addons_config.#": "1",
                            "addons_config.0.horizontal_pod_autoscaling.#": "0",
                            "addons_config.0.http_load_balancing.#": "0",
                            "addons_config.0.kubernetes_dashboard.#": "1",
                            "addons_config.0.kubernetes_dashboard.0.disabled": "true",
                            "addons_config.0.network_policy_config.#": "1",
                            "addons_config.0.network_policy_config.0.disabled": "true",
                            "cluster_autoscaling.#": "0",
                            "cluster_ipv4_cidr": "10.12.0.0/14",
                            "description": "",
                            "enable_binary_authorization": "false",
                            "enable_kubernetes_alpha": "false",
                            "enable_legacy_abac": "false",
                            "enable_tpu": "false",
                            "endpoint": "146.148.117.156",
                            "id": "gke-cluster-1",
                            "initial_node_count": "1",
                            "instance_group_urls.#": "1",
                            "instance_group_urls.0": "https://www.googleapis.com/compute/v1/projects/clarapcp-ea-ilyas-husein/zones/europe-west1-b/instanceGroups/gke-gke-cluster-1-default-pool-7dad9703-grp",
                            "ip_allocation_policy.#": "0",
                            "logging_service": "logging.googleapis.com",
                            "maintenance_policy.#": "0",
                            "master_auth.#": "1",
                            "master_auth.0.client_certificate": "LS0tLS1CRUdJTiBDRVJUSUZJQ0FURS0tLS0tCk1JSUMyekNDQWNPZ0F3SUJBZ0lSQUtIM21FMVlLdEdiRG9DbkJDOXJGbWN3RFFZSktvWklodmNOQVFFTEJRQXcKTHpFdE1Dc0dBMVVFQXhNa05HSXhOek0xWkRRdFl6ZzNNeTAwTWpZMUxXRXlZMlF0TlRVME9UazFNMkkwTjJFMwpNQjRYRFRFNU1ERXhPREV6TXpJek0xb1hEVEkwTURFeE56RXpNekl6TTFvd0VURVBNQTBHQTFVRUF4TUdZMnhwClpXNTBNSUlCSWpBTkJna3Foa2lHOXcwQkFRRUZBQU9DQVE4QU1JSUJDZ0tDQVFFQXE5NHdpTXJLdFB6NTJWSG8KQzVObWRpVUR2MExMbGZiOFErQlBSSTNPTlNvYWhhUmRmL3J0VXptbnVsV3l5aDgveFQ4L1U1SFBRMjZWeCt3LwoxL3FVa3VhY3hNcUwwbVoyeCtqa01KbjVpOEF6K1dQRUl5RXZyY2hINk9hSWFRUE5LN2hheGFmd2pHd2wxUVBBCjhYdW5jdkNpVHlUR1ZMc0EzRjNQQjd2cGYwcmJtN3lpaXFIaDJDUFVyZDFQOVBtcWtvYWV1dzFIemlmS3k5cUEKSjBTcWN6aFQ2UU14NlBQNDFwNFVsWnhucTZ3MTNVaFFIVzhuVHlxQ0ZBTmtPZisrRDNaQ2F0TVJTaVk4Y0s4dApJcFF3N1pmWXE2R29JR1NZY2ZrVlRRS1hkQU5TaHVQNlR3QU9rbUpiYTJPbVliRTBPaVBHVTRQZWhCSXdUcFVCCnFXVlFxd0lEQVFBQm94QXdEakFNQmdOVkhSTUJBZjhFQWpBQU1BMEdDU3FHU0liM0RRRUJDd1VBQTRJQkFRQXkKTjBCMVhkUU9QZzkwK01HQy9XTDBTWDBYV0VYd3VEYXlPeEdPWUdUdzhTbGV2Y01qRUR2cmN0ZDVuMFppd08vZApVc3hYUVhuY3c5VlpMNmNBeUpjY0dhZEM4dGdZelowSWFyY1d6dU5UUTY4eWRWbFV2ZTNXbmhpTGk5dWl2VGZzCjNXQ0hxV2ZvVysxbWhWcWVkRVNXUmxicVdCb0h2N3hLRCs4ZkpmYnozUS9OWjdzMDFFTFRDNzZ5NHdpRWFlOWUKTm50VnFlemhuY0dUNHQ5dTNPZ3lKWklVVGkzUXN5TE1ienhMZWxKYXFLQ214cVhRYkxxVFNXY3NqQklFOStZMQpTb3VQZ0xNaEtaMkFIZ0tTN2pMcGRhaE5URHU2WnZOdmRKV1Q5Ly9PaUtWSkUvd05VMDlVYlNBMG1CSWI4dDR3ClFtZ2JLZllhaW1KS0MzLzlMTDZsCi0tLS0tRU5EIENFUlRJRklDQVRFLS0tLS0K",
                            "master_auth.0.client_certificate_config.#": "0",
                            "master_auth.0.client_key": "LS0tLS1CRUdJTiBSU0EgUFJJVkFURSBLRVktLS0tLQpNSUlFb3dJQkFBS0NBUUVBcTk0d2lNckt0UHo1MlZIb0M1Tm1kaVVEdjBMTGxmYjhRK0JQUkkzT05Tb2FoYVJkCmYvcnRVem1udWxXeXloOC94VDgvVTVIUFEyNlZ4K3cvMS9xVWt1YWN4TXFMMG1aMngramtNSm41aThBeitXUEUKSXlFdnJjaEg2T2FJYVFQTks3aGF4YWZ3akd3bDFRUEE4WHVuY3ZDaVR5VEdWTHNBM0YzUEI3dnBmMHJibTd5aQppcUhoMkNQVXJkMVA5UG1xa29hZXV3MUh6aWZLeTlxQUowU3FjemhUNlFNeDZQUDQxcDRVbFp4bnE2dzEzVWhRCkhXOG5UeXFDRkFOa09mKytEM1pDYXRNUlNpWThjSzh0SXBRdzdaZllxNkdvSUdTWWNma1ZUUUtYZEFOU2h1UDYKVHdBT2ttSmJhMk9tWWJFME9pUEdVNFBlaEJJd1RwVUJxV1ZRcXdJREFRQUJBb0lCQUJBbWthdlN2Zkl2c1VPNwpBaGhQbFlCVjZDQndDdzdUcGs4WnlvWDA0WFoydDJ5R2FEYnNhS0x0dHhXRStpRXJJSmVaL0lyY0YrTU1ock1vCnBvQUo2TWZ2bmVuRjVoWXpVWlF5ZEsyRHVxbG5od2VkOGtLN3AyMzFEczU2U2R1OGZMY2MzSUxZZ1h2SEVGWkQKa0QwVVUzaVpjWXB1MGc3VmdZTUFwbzU3VFNBbC8zczhaVlJJUDVFYlZ5cWV3aVZSc1pqZDlJTnBITVFsajRIbQp2UTBVa0Z6UTVSMXdaTW1uSDhXQkw2eTl1RTlSZkNpVkJ2SEJCZTFzcmZQbWxFeFFMRE1IM1lBY2xZa3pwRWliCkRESGNXOGl3c24wQWtOc1dBOXUrTjlVTE1qNjB3M1dMS1Foa1JPS3g2dVBDMHBXdTdWWG01VEZXa05seWpoL3cKd240Y1ZwRUNnWUVBMVFjV2s2UFI3MnljK2VHSkVlb21QSjByUHUyNW9YNjJmMW5kODBOMVdwNUgrMjE0ZUl1aQpGV3ZFN3hONHB0UXJ6NXRTVjA3TWVvNVJKazBQeTNtMzV3VXBheGJ1akw2UWdRS2FCVk1Id2tyS3JyYnNhK0pICmJ4aWRBdWdtUUV1RjE2M3Mrenhoa1ZBa3VZSXYrS1BtM1BUdFZXc1l6em0rK1lSSmpoZUtNR2tDZ1lFQXpvbVUKZ0ZxUUsrVEduZVQvb3ZEaXljWjBKa1lGcjVYNFBRc25hc2xzQVI2aTVqTFZ5MmxQelBZUnRHTjJlS1VsZkw0NwpsOFdabGE1Z1FXeUhFQjgxM3FPQ0pwQzhlQ0k0TTJyOENrampIYkZqYktTdDRCbmhZWUpQSlRBOERRNFQyM2pHCm95U253NWZXVkI0V2t6bVhiNkxoWmNRc044a0Q5anMyN0lFaTFmTUNnWUJVR25KTlk3WDBncnNPNUg0TE5waFcKQWU4YTd4d0VxRlJBdnlnamJKU2ViRE1iRHNNclJHVi9jNGJTcEt0VG9oeVI0RTZIN2JKSkNIcjlWaHRRU0FQVgpEM0trdHU4RFhoRUsvZzMwNEMwR0JpVXpDVUVaN3NJcEdGeVUwemFXMTdwRnhvTHpSWWwzcDE1NFp1K3RpSGdTCjhCZnJTMWNHS1ZRK2luM0h2WDl2VVFLQmdRQ01pVTFFOFZxOG8xVUt4M0d6TzluMWxsWWVYUE10Z1F5QzdQNEwKU2JkMkk1U1FzdktMRU1PK0lZbjJodDlzUkdOM3VESHdtZ0podVYvQjVNa2FqVUlvbG5YUExCa3lYWWFFWmozTgorYjZneTcxdGhialNqb212d2UxOHpvOXVDckEwWE1BODdvcEJLeVlwNHJkVndwQnE1QmdmR1JkRmRrQjk0ZGtECm9QTkZSUUtCZ0V4MWxhTlB6cHBrdktpSTlBTjFBUlFZVmMvSXJyS0k2UmIzUFk5VUUwVXJoRHNML0JaVjJnMjUKYVQ2NTlPMkhTSC9QQ01ISUJQeEhCdUZlMVJPbktabnk3QzlQZGY4enRRbTNQVUdUcndmVFNONTVaakIyczNiZwpsTHB0RE04UWhsbjhIYVd5VHpwcEZsZnB6ZnhMUmFzWm5SSWFkWDkyejVqTGtOUzRGaTVFCi0tLS0tRU5EIFJTQSBQUklWQVRFIEtFWS0tLS0tCg==",
                            "master_auth.0.cluster_ca_certificate": "LS0tLS1CRUdJTiBDRVJUSUZJQ0FURS0tLS0tCk1JSURDekNDQWZPZ0F3SUJBZ0lRSE1LdEFXaVFBaVNmUklEc3FEbHkrVEFOQmdrcWhraUc5dzBCQVFzRkFEQXYKTVMwd0t3WURWUVFERXlRMFlqRTNNelZrTkMxak9EY3pMVFF5TmpVdFlUSmpaQzAxTlRRNU9UVXpZalEzWVRjdwpIaGNOTVRrd01URTRNVEl6TWpNeVdoY05NalF3TVRFM01UTXpNak15V2pBdk1TMHdLd1lEVlFRREV5UTBZakUzCk16VmtOQzFqT0RjekxUUXlOalV0WVRKalpDMDFOVFE1T1RVellqUTNZVGN3Z2dFaU1BMEdDU3FHU0liM0RRRUIKQVFVQUE0SUJEd0F3Z2dFS0FvSUJBUURRbnB5TUhjZVptdHl1cXZNSkRMQzNXZkNNZTN4OTN4QlFUVmFZWTZZNwpmZEtMSjdBMjJJdW9hd3FHdkZkK3JWWjZKbXgvOUpaT1l2ekc5T1ZIZGNkYkxKWFNuY25pODAvVXcyRHBsL3dSCm52b1BYTDA1S1BPUEg2b3EzSG1naDNaaWF4VjdEOURtTGJuejZWQndaQ3JiaHFKUWtIaUNpbXcwYzZaZlIrV1EKVDB0WFd3cVJ5TFlDcVBtM1FPZHJleEQrTW1STUFTdExub2FGdzJqMnhTajBCbkpWTEFWWktRSlEyaWlRRkpnKwpJL3ZJUXJhaDVaUXZ5M2M0ZGdBR3V6eXNScmJpY2tkY053SnNVdzA2NFZqQ1gyOFZGOTBnT3NBSGtDL2laVlVwClpUc3Vld1pobE44cU5WL3l2Q3pCdFdaT3JrTDNxREU3RlluZUhQTHJkbU56QWdNQkFBR2pJekFoTUE0R0ExVWQKRHdFQi93UUVBd0lDQkRBUEJnTlZIUk1CQWY4RUJUQURBUUgvTUEwR0NTcUdTSWIzRFFFQkN3VUFBNElCQVFCRAorR1ZHaFVlUGFLb2JWalNTSko4QTZ4V0hyZ1ozQjZlTHdkZDNhNFdkcEl6MUFqWjRRZ1FrWFJJR0JId1FWRGE5CmF3dUdnL1BwVGx3MlBvZ1lSODZzOFVEYVZ3R0hRU1NkZUdMMEZOa3Q5QjRkZ21RL2sxa3NTekRndFhiTzVJZjUKd3E1ZXpYZGQzNnJNNGxBK1N6a3Q5R2JNZThCdmU4SGgwR28yaHQzTlJoZUxVSmgyNXVETEQwc0pFZHdaSDlyMwo5azVEQitQZnArT0VMMjBOaGd2djc2MUgvTWZGRzFlZ0NOYjJKNWJLak5OZEdyaFpvZ0lLYy9LUHpPUGlXRlQ1ClFpV2ZmM2xlNmowaERBL3prU2Fxc2dMamdkUUozQWtSRFFtQjMrUWxWS205RVBUOG5WRlF4MmFlU3Y3OW9BeTIKODN4eFh3MHFIbDBqQUhmeE10ZzEKLS0tLS1FTkQgQ0VSVElGSUNBVEUtLS0tLQo=",
                            "master_auth.0.password": "K1UMsphcYgefvP8F",
                            "master_auth.0.username": "admin",
                            "master_authorized_networks_config.#": "0",
                            "master_ipv4_cidr_block": "",
                            "master_version": "1.10.9-gke.5",
                            "monitoring_service": "monitoring.googleapis.com",
                            "name": "gke-cluster-1",
                            "network": "projects/clarapcp-ea-ilyas-husein/global/networks/claranet-test",
                            "network_policy.#": "1",
                            "network_policy.0.enabled": "false",
                            "network_policy.0.provider": "PROVIDER_UNSPECIFIED",
                            "node_config.#": "1",
                            "node_config.0.disk_size_gb": "100",
                            "node_config.0.disk_type": "pd-standard",
                            "node_config.0.guest_accelerator.#": "0",
                            "node_config.0.image_type": "COS",
                            "node_config.0.labels.%": "1",
                            "node_config.0.labels.this-is-for": "dev-cluster",
                            "node_config.0.local_ssd_count": "0",
                            "node_config.0.machine_type": "n1-standard-1",
                            "node_config.0.metadata.%": "0",
                            "node_config.0.min_cpu_platform": "",
                            "node_config.0.oauth_scopes.#": "4",
                            "node_config.0.oauth_scopes.1277378754": "https://www.googleapis.com/auth/monitoring",
                            "node_config.0.oauth_scopes.1632638332": "https://www.googleapis.com/auth/devstorage.read_only",
                            "node_config.0.oauth_scopes.172152165": "https://www.googleapis.com/auth/logging.write",
                            "node_config.0.oauth_scopes.299962681": "https://www.googleapis.com/auth/compute",
                            "node_config.0.preemptible": "false",
                            "node_config.0.service_account": "default",
                            "node_config.0.tags.#": "3",
                            "node_config.0.tags.0": "jenkins",
                            "node_config.0.tags.1": "ssh",
                            "node_config.0.tags.2": "http-server",
                            "node_config.0.taint.#": "0",
                            "node_config.0.workload_metadata_config.#": "0",
                            "node_pool.#": "1",
                            "node_pool.0.autoscaling.#": "0",
                            "node_pool.0.initial_node_count": "1",
                            "node_pool.0.instance_group_urls.#": "1",
                            "node_pool.0.instance_group_urls.0": "https://www.googleapis.com/compute/v1/projects/clarapcp-ea-ilyas-husein/zones/europe-west1-b/instanceGroupManagers/gke-gke-cluster-1-default-pool-7dad9703-grp",
                            "node_pool.0.management.#": "1",
                            "node_pool.0.management.0.auto_repair": "false",
                            "node_pool.0.management.0.auto_upgrade": "false",
                            "node_pool.0.max_pods_per_node": "0",
                            "node_pool.0.name": "default-pool",
                            "node_pool.0.name_prefix": "",
                            "node_pool.0.node_config.#": "1",
                            "node_pool.0.node_config.0.disk_size_gb": "100",
                            "node_pool.0.node_config.0.disk_type": "pd-standard",
                            "node_pool.0.node_config.0.guest_accelerator.#": "0",
                            "node_pool.0.node_config.0.image_type": "COS",
                            "node_pool.0.node_config.0.labels.%": "1",
                            "node_pool.0.node_config.0.labels.this-is-for": "dev-cluster",
                            "node_pool.0.node_config.0.local_ssd_count": "0",
                            "node_pool.0.node_config.0.machine_type": "n1-standard-1",
                            "node_pool.0.node_config.0.metadata.%": "0",
                            "node_pool.0.node_config.0.min_cpu_platform": "",
                            "node_pool.0.node_config.0.oauth_scopes.#": "4",
                            "node_pool.0.node_config.0.oauth_scopes.1277378754": "https://www.googleapis.com/auth/monitoring",
                            "node_pool.0.node_config.0.oauth_scopes.1632638332": "https://www.googleapis.com/auth/devstorage.read_only",
                            "node_pool.0.node_config.0.oauth_scopes.172152165": "https://www.googleapis.com/auth/logging.write",
                            "node_pool.0.node_config.0.oauth_scopes.299962681": "https://www.googleapis.com/auth/compute",
                            "node_pool.0.node_config.0.preemptible": "false",
                            "node_pool.0.node_config.0.service_account": "default",
                            "node_pool.0.node_config.0.tags.#": "3",
                            "node_pool.0.node_config.0.tags.0": "jenkins",
                            "node_pool.0.node_config.0.tags.1": "ssh",
                            "node_pool.0.node_config.0.tags.2": "http-server",
                            "node_pool.0.node_config.0.taint.#": "0",
                            "node_pool.0.node_config.0.workload_metadata_config.#": "0",
                            "node_pool.0.node_count": "1",
                            "node_pool.0.version": "1.10.9-gke.5",
                            "node_version": "1.10.9-gke.5",
                            "pod_security_policy_config.#": "0",
                            "private_cluster": "false",
                            "private_cluster_config.#": "0",
                            "project": "clarapcp-ea-ilyas-husein",
                            "resource_labels.%": "0",
                            "subnetwork": "projects/clarapcp-ea-ilyas-husein/regions/europe-west1/subnetworks/claranet-test",
                            "zone": "europe-west1-b"
                        },
                        "meta": {
                            "e2bfb730-ecaa-11e6-8f88-34363bc7c4c0": {
                                "create": 1800000000000,
                                "delete": 1800000000000,
                                "update": 600000000000
                            },
                            "schema_version": "1"
                        },
                        "tainted": false
                    },
                    "deposed": [],
                    "provider": "provider.google"
                }
            },
            "depends_on": []
        }
    ]
}
